{
  "name": "uni-index-screenshots",
  "version": "1.0.0",
  "lockfileVersion": 2,
  "requires": true,
  "packages": {
    "": {
      "name": "uni-index-screenshots",
      "version": "1.0.0",
      "license": "ISC",
      "dependencies": {
        "@prisma/client": "^4.8.0",
        "esbuild": "^0.16.13",
        "string-similarity": "^4.0.4"
      },
      "devDependencies": {
        "@tsconfig/node16": "^1.0.3",
        "@types/node": "^18.11.18",
        "@types/string-similarity": "^4.0.0",
        "playwright": "^1.29.1",
        "prisma": "^4.8.0",
        "ts-node": "^10.9.1",
        "typescript": "^4.9.4"
      }
    },
    "node_modules/@cspotcode/source-map-support": {
      "version": "0.8.1",
      "resolved": "https://registry.npmjs.org/@cspotcode/source-map-support/-/source-map-support-0.8.1.tgz",
      "integrity": "sha512-IchNf6dN4tHoMFIn/7OE8LWZ19Y6q/67Bmf6vnGREv8RSbBVb9LPJxEcnwrcwX6ixSvaiGoomAUvu4YSxXrVgw==",
      "dev": true,
      "dependencies": {
        "@jridgewell/trace-mapping": "0.3.9"
      },
      "engines": {
        "node": ">=12"
      }
    },
    "node_modules/@esbuild/android-arm": {
      "version": "0.16.13",
      "resolved": "https://registry.npmjs.org/@esbuild/android-arm/-/android-arm-0.16.13.tgz",
      "integrity": "sha512-JmtqThupn9Yf+FzANE+GG73ASUkssnPwOsndUElhp23685QzRK+MO1UompOlBaXV9D5FTuYcPnw7p4mCq2YbZQ==",
      "cpu": [
        "arm"
      ],
      "optional": true,
      "os": [
        "android"
      ],
      "engines": {
        "node": ">=12"
      }
    },
    "node_modules/@esbuild/android-arm64": {
      "version": "0.16.13",
      "resolved": "https://registry.npmjs.org/@esbuild/android-arm64/-/android-arm64-0.16.13.tgz",
      "integrity": "sha512-r4xetsd1ez1NF9/9R2f9Q6AlxqiZLwUqo7ICOcvEVwopVkXUcspIjEbJk0EVTgT6Cp5+ymzGPT6YNV0ievx4yA==",
      "cpu": [
        "arm64"
      ],
      "optional": true,
      "os": [
        "android"
      ],
      "engines": {
        "node": ">=12"
      }
    },
    "node_modules/@esbuild/android-x64": {
      "version": "0.16.13",
      "resolved": "https://registry.npmjs.org/@esbuild/android-x64/-/android-x64-0.16.13.tgz",
      "integrity": "sha512-hKt1bFht/Vtp0xJ0ZVzFMnPy1y1ycmM3KNnp3zsyZfQmw7nhs2WLO4vxdR5YG+6RsHKCb2zbZ3VwlC0Tij0qyA==",
      "cpu": [
        "x64"
      ],
      "optional": true,
      "os": [
        "android"
      ],
      "engines": {
        "node": ">=12"
      }
    },
    "node_modules/@esbuild/darwin-arm64": {
      "version": "0.16.13",
      "resolved": "https://registry.npmjs.org/@esbuild/darwin-arm64/-/darwin-arm64-0.16.13.tgz",
      "integrity": "sha512-ogrVuNi2URocrr3Ps20f075EMm9V7IeenOi9FRj4qdbT6mQlwLuP4l90PW2iBrKERx0oRkcZprEUNsz/3xd7ww==",
      "cpu": [
        "arm64"
      ],
      "optional": true,
      "os": [
        "darwin"
      ],
      "engines": {
        "node": ">=12"
      }
    },
    "node_modules/@esbuild/darwin-x64": {
      "version": "0.16.13",
      "resolved": "https://registry.npmjs.org/@esbuild/darwin-x64/-/darwin-x64-0.16.13.tgz",
      "integrity": "sha512-Agajik9SBGiKD7FPXE+ExW6x3MgA/dUdpZnXa9y1tyfE4lKQx+eQiknSdrBnWPeqa9wL0AOvkhghmYhpVkyqkA==",
      "cpu": [
        "x64"
      ],
      "optional": true,
      "os": [
        "darwin"
      ],
      "engines": {
        "node": ">=12"
      }
    },
    "node_modules/@esbuild/freebsd-arm64": {
      "version": "0.16.13",
      "resolved": "https://registry.npmjs.org/@esbuild/freebsd-arm64/-/freebsd-arm64-0.16.13.tgz",
      "integrity": "sha512-KxMO3/XihBcHM+xQUM6nQZO1SgQuOsd1DCnKF1a4SIf/i5VD45vrqN3k8ePgFrEbMi7m5JeGmvNqwJXinF0a4Q==",
      "cpu": [
        "arm64"
      ],
      "optional": true,
      "os": [
        "freebsd"
      ],
      "engines": {
        "node": ">=12"
      }
    },
    "node_modules/@esbuild/freebsd-x64": {
      "version": "0.16.13",
      "resolved": "https://registry.npmjs.org/@esbuild/freebsd-x64/-/freebsd-x64-0.16.13.tgz",
      "integrity": "sha512-Ez15oqV1vwvZ30cVLeBW14BsWq/fdWNQGMOxxqaSJVQVLqHhvgfQ7gxGDiN9tpJdeQhqJO+Q0r02/Tce5+USNg==",
      "cpu": [
        "x64"
      ],
      "optional": true,
      "os": [
        "freebsd"
      ],
      "engines": {
        "node": ">=12"
      }
    },
    "node_modules/@esbuild/linux-arm": {
      "version": "0.16.13",
      "resolved": "https://registry.npmjs.org/@esbuild/linux-arm/-/linux-arm-0.16.13.tgz",
      "integrity": "sha512-18dLd2L3mda+iFj6sswyBMSh2UwniamD9M4DwPv8VM+9apRFlQ5IGKxBdumnTuOI4NvwwAernmUseWhYQ9k+rg==",
      "cpu": [
        "arm"
      ],
      "optional": true,
      "os": [
        "linux"
      ],
      "engines": {
        "node": ">=12"
      }
    },
    "node_modules/@esbuild/linux-arm64": {
      "version": "0.16.13",
      "resolved": "https://registry.npmjs.org/@esbuild/linux-arm64/-/linux-arm64-0.16.13.tgz",
      "integrity": "sha512-qi5n7KwcGViyJeZeQnu8fB6dC3Mlm5PGaqSv2HhQDDx/MPvVfQGNMcv7zcBL4qk3FkuWhGVwXkjQ76x7R0PWlA==",
      "cpu": [
        "arm64"
      ],
      "optional": true,
      "os": [
        "linux"
      ],
      "engines": {
        "node": ">=12"
      }
    },
    "node_modules/@esbuild/linux-ia32": {
      "version": "0.16.13",
      "resolved": "https://registry.npmjs.org/@esbuild/linux-ia32/-/linux-ia32-0.16.13.tgz",
      "integrity": "sha512-2489Xad9sr+6GD7nB913fUqpCsSwVwgskkQTq4Or2mZntSPYPebyJm8l1YruHo7oqYMTGV6RiwGE4gRo3H+EPQ==",
      "cpu": [
        "ia32"
      ],
      "optional": true,
      "os": [
        "linux"
      ],
      "engines": {
        "node": ">=12"
      }
    },
    "node_modules/@esbuild/linux-loong64": {
      "version": "0.16.13",
      "resolved": "https://registry.npmjs.org/@esbuild/linux-loong64/-/linux-loong64-0.16.13.tgz",
      "integrity": "sha512-x8KplRu9Y43Px8I9YS+sPBwQ+fw44Mvp2BPVADopKDWz+h3fcj1BvRU58kxb89WObmwKX9sWdtYzepL4Fmx03A==",
      "cpu": [
        "loong64"
      ],
      "optional": true,
      "os": [
        "linux"
      ],
      "engines": {
        "node": ">=12"
      }
    },
    "node_modules/@esbuild/linux-mips64el": {
      "version": "0.16.13",
      "resolved": "https://registry.npmjs.org/@esbuild/linux-mips64el/-/linux-mips64el-0.16.13.tgz",
      "integrity": "sha512-qhhdWph9FLwD9rVVC/nUf7k2U4NZIA6/mGx0B7+O6PFV0GjmPA2E3zDQ4NUjq9P26E0DeAZy9akH9dYcUBRU7A==",
      "cpu": [
        "mips64el"
      ],
      "optional": true,
      "os": [
        "linux"
      ],
      "engines": {
        "node": ">=12"
      }
    },
    "node_modules/@esbuild/linux-ppc64": {
      "version": "0.16.13",
      "resolved": "https://registry.npmjs.org/@esbuild/linux-ppc64/-/linux-ppc64-0.16.13.tgz",
      "integrity": "sha512-cVWAPKsrRVxI1jCeJHnYSbE3BrEU+pZTZK2gfao9HRxuc+3m4+RLfs3EVEpGLmMKEcWfVCB9wZ3yNxnknutGKQ==",
      "cpu": [
        "ppc64"
      ],
      "optional": true,
      "os": [
        "linux"
      ],
      "engines": {
        "node": ">=12"
      }
    },
    "node_modules/@esbuild/linux-riscv64": {
      "version": "0.16.13",
      "resolved": "https://registry.npmjs.org/@esbuild/linux-riscv64/-/linux-riscv64-0.16.13.tgz",
      "integrity": "sha512-Agb7dbRyZWnmPn5Vvf0eyqaEUqSsaIUwwyInu2EoFTaIDRp093QU2M5alUyOooMLkRbD1WvqQNwx08Z/g+SAcQ==",
      "cpu": [
        "riscv64"
      ],
      "optional": true,
      "os": [
        "linux"
      ],
      "engines": {
        "node": ">=12"
      }
    },
    "node_modules/@esbuild/linux-s390x": {
      "version": "0.16.13",
      "resolved": "https://registry.npmjs.org/@esbuild/linux-s390x/-/linux-s390x-0.16.13.tgz",
      "integrity": "sha512-AqRBIrc/+kl08ahliNG+EyU+j41wIzQfwBTKpi80cCDiYvYFPuXjvzZsD9muiu58Isj0RVni9VgC4xK/AnSW4g==",
      "cpu": [
        "s390x"
      ],
      "optional": true,
      "os": [
        "linux"
      ],
      "engines": {
        "node": ">=12"
      }
    },
    "node_modules/@esbuild/linux-x64": {
      "version": "0.16.13",
      "resolved": "https://registry.npmjs.org/@esbuild/linux-x64/-/linux-x64-0.16.13.tgz",
      "integrity": "sha512-S4wn2BimuhPcoArRtVrdHUKIymCCZcYAXQE47kUiX4yrUrEX2/ifn5eKNbZ5c1jJKUlh1gC2ESIN+iw3wQax3g==",
      "cpu": [
        "x64"
      ],
      "optional": true,
      "os": [
        "linux"
      ],
      "engines": {
        "node": ">=12"
      }
    },
    "node_modules/@esbuild/netbsd-x64": {
      "version": "0.16.13",
      "resolved": "https://registry.npmjs.org/@esbuild/netbsd-x64/-/netbsd-x64-0.16.13.tgz",
      "integrity": "sha512-2c8JWgfUMlQHTdaR5X3xNMwqOyad8kgeCupuVkdm3QkUOzGREjlTETQsK6oHifocYzDCo9FeKcUwsK356SdR+g==",
      "cpu": [
        "x64"
      ],
      "optional": true,
      "os": [
        "netbsd"
      ],
      "engines": {
        "node": ">=12"
      }
    },
    "node_modules/@esbuild/openbsd-x64": {
      "version": "0.16.13",
      "resolved": "https://registry.npmjs.org/@esbuild/openbsd-x64/-/openbsd-x64-0.16.13.tgz",
      "integrity": "sha512-Bwh+PmKD/LK+xBjqIpnYnKYj0fIyQJ0YpRxsn0F+WfzvQ2OA+GKDlf8AHosiCns26Q4Dje388jQVwfOBZ1GaFw==",
      "cpu": [
        "x64"
      ],
      "optional": true,
      "os": [
        "openbsd"
      ],
      "engines": {
        "node": ">=12"
      }
    },
    "node_modules/@esbuild/sunos-x64": {
      "version": "0.16.13",
      "resolved": "https://registry.npmjs.org/@esbuild/sunos-x64/-/sunos-x64-0.16.13.tgz",
      "integrity": "sha512-8wwk6f9XGnhrF94/DBdFM4Xm1JeCyGTCj67r516VS9yvBVQf3Rar54L+XPVDs/oZOokwH+XsktrgkuTMAmjntg==",
      "cpu": [
        "x64"
      ],
      "optional": true,
      "os": [
        "sunos"
      ],
      "engines": {
        "node": ">=12"
      }
    },
    "node_modules/@esbuild/win32-arm64": {
      "version": "0.16.13",
      "resolved": "https://registry.npmjs.org/@esbuild/win32-arm64/-/win32-arm64-0.16.13.tgz",
      "integrity": "sha512-Jmwbp/5ArLCiRAHC33ODfcrlIcbP/exXkOEUVkADNJC4e/so2jm+i8IQFvVX/lA2GWvK3GdgcN0VFfp9YITAbg==",
      "cpu": [
        "arm64"
      ],
      "optional": true,
      "os": [
        "win32"
      ],
      "engines": {
        "node": ">=12"
      }
    },
    "node_modules/@esbuild/win32-ia32": {
      "version": "0.16.13",
      "resolved": "https://registry.npmjs.org/@esbuild/win32-ia32/-/win32-ia32-0.16.13.tgz",
      "integrity": "sha512-AX6WjntGjhJHzrPSVvjMD7grxt41koHfAOx6lxLorrpDwwIKKPaGDASPZgvFIZHTbwhOtILW6vAXxYPDsKpDJA==",
      "cpu": [
        "ia32"
      ],
      "optional": true,
      "os": [
        "win32"
      ],
      "engines": {
        "node": ">=12"
      }
    },
    "node_modules/@esbuild/win32-x64": {
      "version": "0.16.13",
      "resolved": "https://registry.npmjs.org/@esbuild/win32-x64/-/win32-x64-0.16.13.tgz",
      "integrity": "sha512-A+U4gM6OOkPS03UgVU08GTpAAAxPsP/8Z4FmneGo4TaVSD99bK9gVJXlqUEPMO/htFXEAht2O6pX4ErtLY5tVg==",
      "cpu": [
        "x64"
      ],
      "optional": true,
      "os": [
        "win32"
      ],
      "engines": {
        "node": ">=12"
      }
    },
    "node_modules/@jridgewell/resolve-uri": {
      "version": "3.1.0",
      "resolved": "https://registry.npmjs.org/@jridgewell/resolve-uri/-/resolve-uri-3.1.0.tgz",
      "integrity": "sha512-F2msla3tad+Mfht5cJq7LSXcdudKTWCVYUgw6pLFOOHSTtZlj6SWNYAp+AhuqLmWdBO2X5hPrLcu8cVP8fy28w==",
      "dev": true,
      "engines": {
        "node": ">=6.0.0"
      }
    },
    "node_modules/@jridgewell/sourcemap-codec": {
      "version": "1.4.14",
      "resolved": "https://registry.npmjs.org/@jridgewell/sourcemap-codec/-/sourcemap-codec-1.4.14.tgz",
      "integrity": "sha512-XPSJHWmi394fuUuzDnGz1wiKqWfo1yXecHQMRf2l6hztTO+nPru658AyDngaBe7isIxEkRsPR3FZh+s7iVa4Uw==",
      "dev": true
    },
    "node_modules/@jridgewell/trace-mapping": {
      "version": "0.3.9",
      "resolved": "https://registry.npmjs.org/@jridgewell/trace-mapping/-/trace-mapping-0.3.9.tgz",
      "integrity": "sha512-3Belt6tdc8bPgAtbcmdtNJlirVoTmEb5e2gC94PnkwEW9jI6CAHUeoG85tjWP5WquqfavoMtMwiG4P926ZKKuQ==",
      "dev": true,
      "dependencies": {
        "@jridgewell/resolve-uri": "^3.0.3",
        "@jridgewell/sourcemap-codec": "^1.4.10"
      }
    },
    "node_modules/@prisma/client": {
      "version": "4.8.0",
      "resolved": "https://registry.npmjs.org/@prisma/client/-/client-4.8.0.tgz",
      "integrity": "sha512-Y1riB0p2W52kh3zgssP/YAhln3RjBFcJy3uwEiyjmU+TQYh6QTZDRFBo3JtBWuq2FyMOl1Rye8jxzUP+n0l5Cg==",
      "hasInstallScript": true,
      "dependencies": {
        "@prisma/engines-version": "4.8.0-61.d6e67a83f971b175a593ccc12e15c4a757f93ffe"
      },
      "engines": {
        "node": ">=14.17"
      },
      "peerDependencies": {
        "prisma": "*"
      },
      "peerDependenciesMeta": {
        "prisma": {
          "optional": true
        }
      }
    },
    "node_modules/@prisma/engines": {
      "version": "4.8.0",
      "resolved": "https://registry.npmjs.org/@prisma/engines/-/engines-4.8.0.tgz",
      "integrity": "sha512-A1Asn2rxZMlLAj1HTyfaCv0VQrLUv034jVay05QlqZg1qiHPeA3/pGTfNMijbsMYCsGVxfWEJuaZZuNxXGMCrA==",
      "devOptional": true,
      "hasInstallScript": true
    },
    "node_modules/@prisma/engines-version": {
      "version": "4.8.0-61.d6e67a83f971b175a593ccc12e15c4a757f93ffe",
      "resolved": "https://registry.npmjs.org/@prisma/engines-version/-/engines-version-4.8.0-61.d6e67a83f971b175a593ccc12e15c4a757f93ffe.tgz",
      "integrity": "sha512-MHSOSexomRMom8QN4t7bu87wPPD+pa+hW9+71JnVcF3DqyyO/ycCLhRL1we3EojRpZxKvuyGho2REQsMCvxcJw=="
    },
    "node_modules/@tsconfig/node10": {
      "version": "1.0.9",
      "resolved": "https://registry.npmjs.org/@tsconfig/node10/-/node10-1.0.9.tgz",
      "integrity": "sha512-jNsYVVxU8v5g43Erja32laIDHXeoNvFEpX33OK4d6hljo3jDhCBDhx5dhCCTMWUojscpAagGiRkBKxpdl9fxqA==",
      "dev": true
    },
    "node_modules/@tsconfig/node12": {
      "version": "1.0.11",
      "resolved": "https://registry.npmjs.org/@tsconfig/node12/-/node12-1.0.11.tgz",
      "integrity": "sha512-cqefuRsh12pWyGsIoBKJA9luFu3mRxCA+ORZvA4ktLSzIuCUtWVxGIuXigEwO5/ywWFMZ2QEGKWvkZG1zDMTag==",
      "dev": true
    },
    "node_modules/@tsconfig/node14": {
      "version": "1.0.3",
      "resolved": "https://registry.npmjs.org/@tsconfig/node14/-/node14-1.0.3.tgz",
      "integrity": "sha512-ysT8mhdixWK6Hw3i1V2AeRqZ5WfXg1G43mqoYlM2nc6388Fq5jcXyr5mRsqViLx/GJYdoL0bfXD8nmF+Zn/Iow==",
      "dev": true
    },
    "node_modules/@tsconfig/node16": {
      "version": "1.0.3",
      "resolved": "https://registry.npmjs.org/@tsconfig/node16/-/node16-1.0.3.tgz",
      "integrity": "sha512-yOlFc+7UtL/89t2ZhjPvvB/DeAr3r+Dq58IgzsFkOAvVC6NMJXmCGjbptdXdR9qsX7pKcTL+s87FtYREi2dEEQ==",
      "dev": true
    },
    "node_modules/@types/node": {
      "version": "18.11.18",
      "resolved": "https://registry.npmjs.org/@types/node/-/node-18.11.18.tgz",
      "integrity": "sha512-DHQpWGjyQKSHj3ebjFI/wRKcqQcdR+MoFBygntYOZytCqNfkd2ZC4ARDJ2DQqhjH5p85Nnd3jhUJIXrszFX/JA==",
      "dev": true
    },
    "node_modules/@types/string-similarity": {
      "version": "4.0.0",
      "resolved": "https://registry.npmjs.org/@types/string-similarity/-/string-similarity-4.0.0.tgz",
      "integrity": "sha512-dMS4S07fbtY1AILG/RhuwmptmzK1Ql8scmAebOTJ/8iBtK/KI17NwGwKzu1uipjj8Kk+3mfPxum56kKZE93mzQ==",
      "dev": true
    },
    "node_modules/acorn": {
      "version": "8.8.0",
      "resolved": "https://registry.npmjs.org/acorn/-/acorn-8.8.0.tgz",
      "integrity": "sha512-QOxyigPVrpZ2GXT+PFyZTl6TtOFc5egxHIP9IlQ+RbupQuX4RkT/Bee4/kQuC02Xkzg84JcT7oLYtDIQxp+v7w==",
      "dev": true,
      "bin": {
        "acorn": "bin/acorn"
      },
      "engines": {
        "node": ">=0.4.0"
      }
    },
    "node_modules/acorn-walk": {
      "version": "8.2.0",
      "resolved": "https://registry.npmjs.org/acorn-walk/-/acorn-walk-8.2.0.tgz",
      "integrity": "sha512-k+iyHEuPgSw6SbuDpGQM+06HQUa04DZ3o+F6CSzXMvvI5KMvnaEqXe+YVe555R9nn6GPt404fos4wcgpw12SDA==",
      "dev": true,
      "engines": {
        "node": ">=0.4.0"
      }
    },
    "node_modules/arg": {
      "version": "4.1.3",
      "resolved": "https://registry.npmjs.org/arg/-/arg-4.1.3.tgz",
      "integrity": "sha512-58S9QDqG0Xx27YwPSt9fJxivjYl432YCwfDMfZ+71RAqUrZef7LrKQZ3LHLOwCS4FLNBplP533Zx895SeOCHvA==",
      "dev": true
    },
    "node_modules/create-require": {
      "version": "1.1.1",
      "resolved": "https://registry.npmjs.org/create-require/-/create-require-1.1.1.tgz",
      "integrity": "sha512-dcKFX3jn0MpIaXjisoRvexIJVEKzaq7z2rZKxf+MSr9TkdmHmsU4m2lcLojrj/FHl8mk5VxMmYA+ftRkP/3oKQ==",
      "dev": true
    },
    "node_modules/diff": {
      "version": "4.0.2",
      "resolved": "https://registry.npmjs.org/diff/-/diff-4.0.2.tgz",
      "integrity": "sha512-58lmxKSA4BNyLz+HHMUzlOEpg09FV+ev6ZMe3vJihgdxzgcwZ8VoEEPmALCZG9LmqfVoNMMKpttIYTVG6uDY7A==",
      "dev": true,
      "engines": {
        "node": ">=0.3.1"
      }
    },
    "node_modules/esbuild": {
      "version": "0.16.13",
      "resolved": "https://registry.npmjs.org/esbuild/-/esbuild-0.16.13.tgz",
      "integrity": "sha512-oYwFdSEIoKM1oYzyem1osgKJAvg5447XF+05ava21fOtilyb2HeQQh26/74K4WeAk5dZmj/Mx10zUqUnI14jhA==",
      "hasInstallScript": true,
      "bin": {
        "esbuild": "bin/esbuild"
      },
      "engines": {
        "node": ">=12"
      },
      "optionalDependencies": {
        "@esbuild/android-arm": "0.16.13",
        "@esbuild/android-arm64": "0.16.13",
        "@esbuild/android-x64": "0.16.13",
        "@esbuild/darwin-arm64": "0.16.13",
        "@esbuild/darwin-x64": "0.16.13",
        "@esbuild/freebsd-arm64": "0.16.13",
        "@esbuild/freebsd-x64": "0.16.13",
        "@esbuild/linux-arm": "0.16.13",
        "@esbuild/linux-arm64": "0.16.13",
        "@esbuild/linux-ia32": "0.16.13",
        "@esbuild/linux-loong64": "0.16.13",
        "@esbuild/linux-mips64el": "0.16.13",
        "@esbuild/linux-ppc64": "0.16.13",
        "@esbuild/linux-riscv64": "0.16.13",
        "@esbuild/linux-s390x": "0.16.13",
        "@esbuild/linux-x64": "0.16.13",
        "@esbuild/netbsd-x64": "0.16.13",
        "@esbuild/openbsd-x64": "0.16.13",
        "@esbuild/sunos-x64": "0.16.13",
        "@esbuild/win32-arm64": "0.16.13",
        "@esbuild/win32-ia32": "0.16.13",
        "@esbuild/win32-x64": "0.16.13"
      }
    },
    "node_modules/make-error": {
      "version": "1.3.6",
      "resolved": "https://registry.npmjs.org/make-error/-/make-error-1.3.6.tgz",
      "integrity": "sha512-s8UhlNe7vPKomQhC1qFelMokr/Sc3AgNbso3n74mVPA5LTZwkB9NlXf4XPamLxJE8h0gh73rM94xvwRT2CVInw==",
      "dev": true
    },
    "node_modules/playwright": {
      "version": "1.29.1",
      "resolved": "https://registry.npmjs.org/playwright/-/playwright-1.29.1.tgz",
      "integrity": "sha512-lasC+pMqsQ2uWhNurt3YK3xo0gWlMjslYUylKbHcqF/NTjwp9KStRGO7S6wwz2f52GcSnop8XUK/GymJjdzrxw==",
      "dev": true,
      "hasInstallScript": true,
      "dependencies": {
        "playwright-core": "1.29.1"
      },
      "bin": {
        "playwright": "cli.js"
      },
      "engines": {
        "node": ">=14"
      }
    },
    "node_modules/playwright-core": {
      "version": "1.29.1",
      "resolved": "https://registry.npmjs.org/playwright-core/-/playwright-core-1.29.1.tgz",
      "integrity": "sha512-20Ai3d+lMkWpI9YZYlxk8gxatfgax5STW8GaMozAHwigLiyiKQrdkt7gaoT9UQR8FIVDg6qVXs9IoZUQrDjIIg==",
      "dev": true,
      "bin": {
        "playwright": "cli.js"
      },
      "engines": {
        "node": ">=14"
      }
    },
    "node_modules/prisma": {
      "version": "4.8.0",
      "resolved": "https://registry.npmjs.org/prisma/-/prisma-4.8.0.tgz",
      "integrity": "sha512-DWIhxvxt8f4h6MDd35mz7BJff+fu7HItW3WPDIEpCR3RzcOWyiHBbLQW5/DOgmf+pRLTjwXQob7kuTZVYUAw5w==",
      "devOptional": true,
      "hasInstallScript": true,
      "dependencies": {
        "@prisma/engines": "4.8.0"
      },
      "bin": {
        "prisma": "build/index.js",
        "prisma2": "build/index.js"
      },
      "engines": {
        "node": ">=14.17"
      }
    },
    "node_modules/string-similarity": {
      "version": "4.0.4",
      "resolved": "https://registry.npmjs.org/string-similarity/-/string-similarity-4.0.4.tgz",
      "integrity": "sha512-/q/8Q4Bl4ZKAPjj8WerIBJWALKkaPRfrvhfF8k/B23i4nzrlRj2/go1m90In7nG/3XDSbOo0+pu6RvCTM9RGMQ=="
    },
    "node_modules/ts-node": {
      "version": "10.9.1",
      "resolved": "https://registry.npmjs.org/ts-node/-/ts-node-10.9.1.tgz",
      "integrity": "sha512-NtVysVPkxxrwFGUUxGYhfux8k78pQB3JqYBXlLRZgdGUqTO5wU/UyHop5p70iEbGhB7q5KmiZiU0Y3KlJrScEw==",
      "dev": true,
      "dependencies": {
        "@cspotcode/source-map-support": "^0.8.0",
        "@tsconfig/node10": "^1.0.7",
        "@tsconfig/node12": "^1.0.7",
        "@tsconfig/node14": "^1.0.0",
        "@tsconfig/node16": "^1.0.2",
        "acorn": "^8.4.1",
        "acorn-walk": "^8.1.1",
        "arg": "^4.1.0",
        "create-require": "^1.1.0",
        "diff": "^4.0.1",
        "make-error": "^1.1.1",
        "v8-compile-cache-lib": "^3.0.1",
        "yn": "3.1.1"
      },
      "bin": {
        "ts-node": "dist/bin.js",
        "ts-node-cwd": "dist/bin-cwd.js",
        "ts-node-esm": "dist/bin-esm.js",
        "ts-node-script": "dist/bin-script.js",
        "ts-node-transpile-only": "dist/bin-transpile.js",
        "ts-script": "dist/bin-script-deprecated.js"
      },
      "peerDependencies": {
        "@swc/core": ">=1.2.50",
        "@swc/wasm": ">=1.2.50",
        "@types/node": "*",
        "typescript": ">=2.7"
      },
      "peerDependenciesMeta": {
        "@swc/core": {
          "optional": true
        },
        "@swc/wasm": {
          "optional": true
        }
      }
    },
    "node_modules/typescript": {
      "version": "4.9.4",
      "resolved": "https://registry.npmjs.org/typescript/-/typescript-4.9.4.tgz",
      "integrity": "sha512-Uz+dTXYzxXXbsFpM86Wh3dKCxrQqUcVMxwU54orwlJjOpO3ao8L7j5lH+dWfTwgCwIuM9GQ2kvVotzYJMXTBZg==",
      "dev": true,
      "bin": {
        "tsc": "bin/tsc",
        "tsserver": "bin/tsserver"
      },
      "engines": {
        "node": ">=4.2.0"
      }
    },
    "node_modules/v8-compile-cache-lib": {
      "version": "3.0.1",
      "resolved": "https://registry.npmjs.org/v8-compile-cache-lib/-/v8-compile-cache-lib-3.0.1.tgz",
      "integrity": "sha512-wa7YjyUGfNZngI/vtK0UHAN+lgDCxBPCylVXGp0zu59Fz5aiGtNXaq3DhIov063MorB+VfufLh3JlF2KdTK3xg==",
      "dev": true
    },
    "node_modules/yn": {
      "version": "3.1.1",
      "resolved": "https://registry.npmjs.org/yn/-/yn-3.1.1.tgz",
      "integrity": "sha512-Ux4ygGWsu2c7isFWe8Yu1YluJmqVhxqK2cLXNQA5AcC3QfbGNpM7fu0Y8b/z16pXLnFxZYvWhd3fhBY9DLmC6Q==",
      "dev": true,
      "engines": {
        "node": ">=6"
      }
    }
  },
  "dependencies": {
    "@cspotcode/source-map-support": {
      "version": "0.8.1",
      "resolved": "https://registry.npmjs.org/@cspotcode/source-map-support/-/source-map-support-0.8.1.tgz",
      "integrity": "sha512-IchNf6dN4tHoMFIn/7OE8LWZ19Y6q/67Bmf6vnGREv8RSbBVb9LPJxEcnwrcwX6ixSvaiGoomAUvu4YSxXrVgw==",
      "dev": true,
      "requires": {
        "@jridgewell/trace-mapping": "0.3.9"
      }
    },
    "@esbuild/android-arm": {
      "version": "0.16.13",
      "resolved": "https://registry.npmjs.org/@esbuild/android-arm/-/android-arm-0.16.13.tgz",
      "integrity": "sha512-JmtqThupn9Yf+FzANE+GG73ASUkssnPwOsndUElhp23685QzRK+MO1UompOlBaXV9D5FTuYcPnw7p4mCq2YbZQ==",
      "optional": true
    },
    "@esbuild/android-arm64": {
      "version": "0.16.13",
      "resolved": "https://registry.npmjs.org/@esbuild/android-arm64/-/android-arm64-0.16.13.tgz",
      "integrity": "sha512-r4xetsd1ez1NF9/9R2f9Q6AlxqiZLwUqo7ICOcvEVwopVkXUcspIjEbJk0EVTgT6Cp5+ymzGPT6YNV0ievx4yA==",
      "optional": true
    },
    "@esbuild/android-x64": {
      "version": "0.16.13",
      "resolved": "https://registry.npmjs.org/@esbuild/android-x64/-/android-x64-0.16.13.tgz",
      "integrity": "sha512-hKt1bFht/Vtp0xJ0ZVzFMnPy1y1ycmM3KNnp3zsyZfQmw7nhs2WLO4vxdR5YG+6RsHKCb2zbZ3VwlC0Tij0qyA==",
      "optional": true
    },
    "@esbuild/darwin-arm64": {
      "version": "0.16.13",
      "resolved": "https://registry.npmjs.org/@esbuild/darwin-arm64/-/darwin-arm64-0.16.13.tgz",
      "integrity": "sha512-ogrVuNi2URocrr3Ps20f075EMm9V7IeenOi9FRj4qdbT6mQlwLuP4l90PW2iBrKERx0oRkcZprEUNsz/3xd7ww==",
      "optional": true
    },
    "@esbuild/darwin-x64": {
      "version": "0.16.13",
      "resolved": "https://registry.npmjs.org/@esbuild/darwin-x64/-/darwin-x64-0.16.13.tgz",
      "integrity": "sha512-Agajik9SBGiKD7FPXE+ExW6x3MgA/dUdpZnXa9y1tyfE4lKQx+eQiknSdrBnWPeqa9wL0AOvkhghmYhpVkyqkA==",
      "optional": true
    },
    "@esbuild/freebsd-arm64": {
      "version": "0.16.13",
      "resolved": "https://registry.npmjs.org/@esbuild/freebsd-arm64/-/freebsd-arm64-0.16.13.tgz",
      "integrity": "sha512-KxMO3/XihBcHM+xQUM6nQZO1SgQuOsd1DCnKF1a4SIf/i5VD45vrqN3k8ePgFrEbMi7m5JeGmvNqwJXinF0a4Q==",
      "optional": true
    },
    "@esbuild/freebsd-x64": {
      "version": "0.16.13",
      "resolved": "https://registry.npmjs.org/@esbuild/freebsd-x64/-/freebsd-x64-0.16.13.tgz",
      "integrity": "sha512-Ez15oqV1vwvZ30cVLeBW14BsWq/fdWNQGMOxxqaSJVQVLqHhvgfQ7gxGDiN9tpJdeQhqJO+Q0r02/Tce5+USNg==",
      "optional": true
    },
    "@esbuild/linux-arm": {
      "version": "0.16.13",
      "resolved": "https://registry.npmjs.org/@esbuild/linux-arm/-/linux-arm-0.16.13.tgz",
      "integrity": "sha512-18dLd2L3mda+iFj6sswyBMSh2UwniamD9M4DwPv8VM+9apRFlQ5IGKxBdumnTuOI4NvwwAernmUseWhYQ9k+rg==",
      "optional": true
    },
    "@esbuild/linux-arm64": {
      "version": "0.16.13",
      "resolved": "https://registry.npmjs.org/@esbuild/linux-arm64/-/linux-arm64-0.16.13.tgz",
      "integrity": "sha512-qi5n7KwcGViyJeZeQnu8fB6dC3Mlm5PGaqSv2HhQDDx/MPvVfQGNMcv7zcBL4qk3FkuWhGVwXkjQ76x7R0PWlA==",
      "optional": true
    },
    "@esbuild/linux-ia32": {
      "version": "0.16.13",
      "resolved": "https://registry.npmjs.org/@esbuild/linux-ia32/-/linux-ia32-0.16.13.tgz",
      "integrity": "sha512-2489Xad9sr+6GD7nB913fUqpCsSwVwgskkQTq4Or2mZntSPYPebyJm8l1YruHo7oqYMTGV6RiwGE4gRo3H+EPQ==",
      "optional": true
    },
    "@esbuild/linux-loong64": {
      "version": "0.16.13",
      "resolved": "https://registry.npmjs.org/@esbuild/linux-loong64/-/linux-loong64-0.16.13.tgz",
      "integrity": "sha512-x8KplRu9Y43Px8I9YS+sPBwQ+fw44Mvp2BPVADopKDWz+h3fcj1BvRU58kxb89WObmwKX9sWdtYzepL4Fmx03A==",
      "optional": true
    },
    "@esbuild/linux-mips64el": {
      "version": "0.16.13",
      "resolved": "https://registry.npmjs.org/@esbuild/linux-mips64el/-/linux-mips64el-0.16.13.tgz",
      "integrity": "sha512-qhhdWph9FLwD9rVVC/nUf7k2U4NZIA6/mGx0B7+O6PFV0GjmPA2E3zDQ4NUjq9P26E0DeAZy9akH9dYcUBRU7A==",
      "optional": true
    },
    "@esbuild/linux-ppc64": {
      "version": "0.16.13",
      "resolved": "https://registry.npmjs.org/@esbuild/linux-ppc64/-/linux-ppc64-0.16.13.tgz",
      "integrity": "sha512-cVWAPKsrRVxI1jCeJHnYSbE3BrEU+pZTZK2gfao9HRxuc+3m4+RLfs3EVEpGLmMKEcWfVCB9wZ3yNxnknutGKQ==",
      "optional": true
    },
    "@esbuild/linux-riscv64": {
      "version": "0.16.13",
      "resolved": "https://registry.npmjs.org/@esbuild/linux-riscv64/-/linux-riscv64-0.16.13.tgz",
      "integrity": "sha512-Agb7dbRyZWnmPn5Vvf0eyqaEUqSsaIUwwyInu2EoFTaIDRp093QU2M5alUyOooMLkRbD1WvqQNwx08Z/g+SAcQ==",
      "optional": true
    },
    "@esbuild/linux-s390x": {
      "version": "0.16.13",
      "resolved": "https://registry.npmjs.org/@esbuild/linux-s390x/-/linux-s390x-0.16.13.tgz",
      "integrity": "sha512-AqRBIrc/+kl08ahliNG+EyU+j41wIzQfwBTKpi80cCDiYvYFPuXjvzZsD9muiu58Isj0RVni9VgC4xK/AnSW4g==",
      "optional": true
    },
    "@esbuild/linux-x64": {
      "version": "0.16.13",
      "resolved": "https://registry.npmjs.org/@esbuild/linux-x64/-/linux-x64-0.16.13.tgz",
      "integrity": "sha512-S4wn2BimuhPcoArRtVrdHUKIymCCZcYAXQE47kUiX4yrUrEX2/ifn5eKNbZ5c1jJKUlh1gC2ESIN+iw3wQax3g==",
      "optional": true
    },
    "@esbuild/netbsd-x64": {
      "version": "0.16.13",
      "resolved": "https://registry.npmjs.org/@esbuild/netbsd-x64/-/netbsd-x64-0.16.13.tgz",
      "integrity": "sha512-2c8JWgfUMlQHTdaR5X3xNMwqOyad8kgeCupuVkdm3QkUOzGREjlTETQsK6oHifocYzDCo9FeKcUwsK356SdR+g==",
      "optional": true
    },
    "@esbuild/openbsd-x64": {
      "version": "0.16.13",
      "resolved": "https://registry.npmjs.org/@esbuild/openbsd-x64/-/openbsd-x64-0.16.13.tgz",
      "integrity": "sha512-Bwh+PmKD/LK+xBjqIpnYnKYj0fIyQJ0YpRxsn0F+WfzvQ2OA+GKDlf8AHosiCns26Q4Dje388jQVwfOBZ1GaFw==",
      "optional": true
    },
    "@esbuild/sunos-x64": {
      "version": "0.16.13",
      "resolved": "https://registry.npmjs.org/@esbuild/sunos-x64/-/sunos-x64-0.16.13.tgz",
      "integrity": "sha512-8wwk6f9XGnhrF94/DBdFM4Xm1JeCyGTCj67r516VS9yvBVQf3Rar54L+XPVDs/oZOokwH+XsktrgkuTMAmjntg==",
      "optional": true
    },
    "@esbuild/win32-arm64": {
      "version": "0.16.13",
      "resolved": "https://registry.npmjs.org/@esbuild/win32-arm64/-/win32-arm64-0.16.13.tgz",
      "integrity": "sha512-Jmwbp/5ArLCiRAHC33ODfcrlIcbP/exXkOEUVkADNJC4e/so2jm+i8IQFvVX/lA2GWvK3GdgcN0VFfp9YITAbg==",
      "optional": true
    },
    "@esbuild/win32-ia32": {
      "version": "0.16.13",
      "resolved": "https://registry.npmjs.org/@esbuild/win32-ia32/-/win32-ia32-0.16.13.tgz",
      "integrity": "sha512-AX6WjntGjhJHzrPSVvjMD7grxt41koHfAOx6lxLorrpDwwIKKPaGDASPZgvFIZHTbwhOtILW6vAXxYPDsKpDJA==",
      "optional": true
    },
    "@esbuild/win32-x64": {
      "version": "0.16.13",
      "resolved": "https://registry.npmjs.org/@esbuild/win32-x64/-/win32-x64-0.16.13.tgz",
      "integrity": "sha512-A+U4gM6OOkPS03UgVU08GTpAAAxPsP/8Z4FmneGo4TaVSD99bK9gVJXlqUEPMO/htFXEAht2O6pX4ErtLY5tVg==",
      "optional": true
    },
    "@jridgewell/resolve-uri": {
      "version": "3.1.0",
      "resolved": "https://registry.npmjs.org/@jridgewell/resolve-uri/-/resolve-uri-3.1.0.tgz",
      "integrity": "sha512-F2msla3tad+Mfht5cJq7LSXcdudKTWCVYUgw6pLFOOHSTtZlj6SWNYAp+AhuqLmWdBO2X5hPrLcu8cVP8fy28w==",
      "dev": true
    },
    "@jridgewell/sourcemap-codec": {
      "version": "1.4.14",
      "resolved": "https://registry.npmjs.org/@jridgewell/sourcemap-codec/-/sourcemap-codec-1.4.14.tgz",
      "integrity": "sha512-XPSJHWmi394fuUuzDnGz1wiKqWfo1yXecHQMRf2l6hztTO+nPru658AyDngaBe7isIxEkRsPR3FZh+s7iVa4Uw==",
      "dev": true
    },
    "@jridgewell/trace-mapping": {
      "version": "0.3.9",
      "resolved": "https://registry.npmjs.org/@jridgewell/trace-mapping/-/trace-mapping-0.3.9.tgz",
      "integrity": "sha512-3Belt6tdc8bPgAtbcmdtNJlirVoTmEb5e2gC94PnkwEW9jI6CAHUeoG85tjWP5WquqfavoMtMwiG4P926ZKKuQ==",
      "dev": true,
      "requires": {
        "@jridgewell/resolve-uri": "^3.0.3",
        "@jridgewell/sourcemap-codec": "^1.4.10"
      }
    },
    "@prisma/client": {
      "version": "4.8.0",
      "resolved": "https://registry.npmjs.org/@prisma/client/-/client-4.8.0.tgz",
      "integrity": "sha512-Y1riB0p2W52kh3zgssP/YAhln3RjBFcJy3uwEiyjmU+TQYh6QTZDRFBo3JtBWuq2FyMOl1Rye8jxzUP+n0l5Cg==",
      "requires": {
        "@prisma/engines-version": "4.8.0-61.d6e67a83f971b175a593ccc12e15c4a757f93ffe"
      }
    },
    "@prisma/engines": {
      "version": "4.8.0",
      "resolved": "https://registry.npmjs.org/@prisma/engines/-/engines-4.8.0.tgz",
      "integrity": "sha512-A1Asn2rxZMlLAj1HTyfaCv0VQrLUv034jVay05QlqZg1qiHPeA3/pGTfNMijbsMYCsGVxfWEJuaZZuNxXGMCrA==",
      "devOptional": true
    },
    "@prisma/engines-version": {
      "version": "4.8.0-61.d6e67a83f971b175a593ccc12e15c4a757f93ffe",
      "resolved": "https://registry.npmjs.org/@prisma/engines-version/-/engines-version-4.8.0-61.d6e67a83f971b175a593ccc12e15c4a757f93ffe.tgz",
      "integrity": "sha512-MHSOSexomRMom8QN4t7bu87wPPD+pa+hW9+71JnVcF3DqyyO/ycCLhRL1we3EojRpZxKvuyGho2REQsMCvxcJw=="
    },
    "@tsconfig/node10": {
      "version": "1.0.9",
      "resolved": "https://registry.npmjs.org/@tsconfig/node10/-/node10-1.0.9.tgz",
      "integrity": "sha512-jNsYVVxU8v5g43Erja32laIDHXeoNvFEpX33OK4d6hljo3jDhCBDhx5dhCCTMWUojscpAagGiRkBKxpdl9fxqA==",
      "dev": true
    },
    "@tsconfig/node12": {
      "version": "1.0.11",
      "resolved": "https://registry.npmjs.org/@tsconfig/node12/-/node12-1.0.11.tgz",
      "integrity": "sha512-cqefuRsh12pWyGsIoBKJA9luFu3mRxCA+ORZvA4ktLSzIuCUtWVxGIuXigEwO5/ywWFMZ2QEGKWvkZG1zDMTag==",
      "dev": true
    },
    "@tsconfig/node14": {
      "version": "1.0.3",
      "resolved": "https://registry.npmjs.org/@tsconfig/node14/-/node14-1.0.3.tgz",
      "integrity": "sha512-ysT8mhdixWK6Hw3i1V2AeRqZ5WfXg1G43mqoYlM2nc6388Fq5jcXyr5mRsqViLx/GJYdoL0bfXD8nmF+Zn/Iow==",
      "dev": true
    },
    "@tsconfig/node16": {
      "version": "1.0.3",
      "resolved": "https://registry.npmjs.org/@tsconfig/node16/-/node16-1.0.3.tgz",
      "integrity": "sha512-yOlFc+7UtL/89t2ZhjPvvB/DeAr3r+Dq58IgzsFkOAvVC6NMJXmCGjbptdXdR9qsX7pKcTL+s87FtYREi2dEEQ==",
      "dev": true
    },
    "@types/node": {
      "version": "18.11.18",
      "resolved": "https://registry.npmjs.org/@types/node/-/node-18.11.18.tgz",
      "integrity": "sha512-DHQpWGjyQKSHj3ebjFI/wRKcqQcdR+MoFBygntYOZytCqNfkd2ZC4ARDJ2DQqhjH5p85Nnd3jhUJIXrszFX/JA==",
      "dev": true
    },
    "@types/string-similarity": {
      "version": "4.0.0",
      "resolved": "https://registry.npmjs.org/@types/string-similarity/-/string-similarity-4.0.0.tgz",
      "integrity": "sha512-dMS4S07fbtY1AILG/RhuwmptmzK1Ql8scmAebOTJ/8iBtK/KI17NwGwKzu1uipjj8Kk+3mfPxum56kKZE93mzQ==",
      "dev": true
    },
    "acorn": {
      "version": "8.8.0",
      "resolved": "https://registry.npmjs.org/acorn/-/acorn-8.8.0.tgz",
      "integrity": "sha512-QOxyigPVrpZ2GXT+PFyZTl6TtOFc5egxHIP9IlQ+RbupQuX4RkT/Bee4/kQuC02Xkzg84JcT7oLYtDIQxp+v7w==",
      "dev": true
    },
    "acorn-walk": {
      "version": "8.2.0",
      "resolved": "https://registry.npmjs.org/acorn-walk/-/acorn-walk-8.2.0.tgz",
      "integrity": "sha512-k+iyHEuPgSw6SbuDpGQM+06HQUa04DZ3o+F6CSzXMvvI5KMvnaEqXe+YVe555R9nn6GPt404fos4wcgpw12SDA==",
      "dev": true
    },
    "arg": {
      "version": "4.1.3",
      "resolved": "https://registry.npmjs.org/arg/-/arg-4.1.3.tgz",
      "integrity": "sha512-58S9QDqG0Xx27YwPSt9fJxivjYl432YCwfDMfZ+71RAqUrZef7LrKQZ3LHLOwCS4FLNBplP533Zx895SeOCHvA==",
      "dev": true
    },
    "create-require": {
      "version": "1.1.1",
      "resolved": "https://registry.npmjs.org/create-require/-/create-require-1.1.1.tgz",
      "integrity": "sha512-dcKFX3jn0MpIaXjisoRvexIJVEKzaq7z2rZKxf+MSr9TkdmHmsU4m2lcLojrj/FHl8mk5VxMmYA+ftRkP/3oKQ==",
      "dev": true
    },
    "diff": {
      "version": "4.0.2",
      "resolved": "https://registry.npmjs.org/diff/-/diff-4.0.2.tgz",
      "integrity": "sha512-58lmxKSA4BNyLz+HHMUzlOEpg09FV+ev6ZMe3vJihgdxzgcwZ8VoEEPmALCZG9LmqfVoNMMKpttIYTVG6uDY7A==",
      "dev": true
    },
    "esbuild": {
      "version": "0.16.13",
      "resolved": "https://registry.npmjs.org/esbuild/-/esbuild-0.16.13.tgz",
      "integrity": "sha512-oYwFdSEIoKM1oYzyem1osgKJAvg5447XF+05ava21fOtilyb2HeQQh26/74K4WeAk5dZmj/Mx10zUqUnI14jhA==",
      "requires": {
        "@esbuild/android-arm": "0.16.13",
        "@esbuild/android-arm64": "0.16.13",
        "@esbuild/android-x64": "0.16.13",
        "@esbuild/darwin-arm64": "0.16.13",
        "@esbuild/darwin-x64": "0.16.13",
        "@esbuild/freebsd-arm64": "0.16.13",
        "@esbuild/freebsd-x64": "0.16.13",
        "@esbuild/linux-arm": "0.16.13",
        "@esbuild/linux-arm64": "0.16.13",
        "@esbuild/linux-ia32": "0.16.13",
        "@esbuild/linux-loong64": "0.16.13",
        "@esbuild/linux-mips64el": "0.16.13",
        "@esbuild/linux-ppc64": "0.16.13",
        "@esbuild/linux-riscv64": "0.16.13",
        "@esbuild/linux-s390x": "0.16.13",
        "@esbuild/linux-x64": "0.16.13",
        "@esbuild/netbsd-x64": "0.16.13",
        "@esbuild/openbsd-x64": "0.16.13",
        "@esbuild/sunos-x64": "0.16.13",
        "@esbuild/win32-arm64": "0.16.13",
        "@esbuild/win32-ia32": "0.16.13",
        "@esbuild/win32-x64": "0.16.13"
      }
    },
    "make-error": {
      "version": "1.3.6",
      "resolved": "https://registry.npmjs.org/make-error/-/make-error-1.3.6.tgz",
      "integrity": "sha512-s8UhlNe7vPKomQhC1qFelMokr/Sc3AgNbso3n74mVPA5LTZwkB9NlXf4XPamLxJE8h0gh73rM94xvwRT2CVInw==",
      "dev": true
    },
    "playwright": {
      "version": "1.29.1",
      "resolved": "https://registry.npmjs.org/playwright/-/playwright-1.29.1.tgz",
      "integrity": "sha512-lasC+pMqsQ2uWhNurt3YK3xo0gWlMjslYUylKbHcqF/NTjwp9KStRGO7S6wwz2f52GcSnop8XUK/GymJjdzrxw==",
      "dev": true,
      "requires": {
        "playwright-core": "1.29.1"
      }
    },
    "playwright-core": {
      "version": "1.29.1",
      "resolved": "https://registry.npmjs.org/playwright-core/-/playwright-core-1.29.1.tgz",
      "integrity": "sha512-20Ai3d+lMkWpI9YZYlxk8gxatfgax5STW8GaMozAHwigLiyiKQrdkt7gaoT9UQR8FIVDg6qVXs9IoZUQrDjIIg==",
      "dev": true
    },
    "prisma": {
      "version": "4.8.0",
      "resolved": "https://registry.npmjs.org/prisma/-/prisma-4.8.0.tgz",
      "integrity": "sha512-DWIhxvxt8f4h6MDd35mz7BJff+fu7HItW3WPDIEpCR3RzcOWyiHBbLQW5/DOgmf+pRLTjwXQob7kuTZVYUAw5w==",
      "devOptional": true,
      "requires": {
        "@prisma/engines": "4.8.0"
      }
    },
    "string-similarity": {
      "version": "4.0.4",
      "resolved": "https://registry.npmjs.org/string-similarity/-/string-similarity-4.0.4.tgz",
      "integrity": "sha512-/q/8Q4Bl4ZKAPjj8WerIBJWALKkaPRfrvhfF8k/B23i4nzrlRj2/go1m90In7nG/3XDSbOo0+pu6RvCTM9RGMQ=="
    },
    "ts-node": {
      "version": "10.9.1",
      "resolved": "https://registry.npmjs.org/ts-node/-/ts-node-10.9.1.tgz",
      "integrity": "sha512-NtVysVPkxxrwFGUUxGYhfux8k78pQB3JqYBXlLRZgdGUqTO5wU/UyHop5p70iEbGhB7q5KmiZiU0Y3KlJrScEw==",
      "dev": true,
      "requires": {
        "@cspotcode/source-map-support": "^0.8.0",
        "@tsconfig/node10": "^1.0.7",
        "@tsconfig/node12": "^1.0.7",
        "@tsconfig/node14": "^1.0.0",
        "@tsconfig/node16": "^1.0.2",
        "acorn": "^8.4.1",
        "acorn-walk": "^8.1.1",
        "arg": "^4.1.0",
        "create-require": "^1.1.0",
        "diff": "^4.0.1",
        "make-error": "^1.1.1",
        "v8-compile-cache-lib": "^3.0.1",
        "yn": "3.1.1"
      }
    },
    "typescript": {
      "version": "4.9.4",
      "resolved": "https://registry.npmjs.org/typescript/-/typescript-4.9.4.tgz",
      "integrity": "sha512-Uz+dTXYzxXXbsFpM86Wh3dKCxrQqUcVMxwU54orwlJjOpO3ao8L7j5lH+dWfTwgCwIuM9GQ2kvVotzYJMXTBZg==",
      "dev": true
    },
    "v8-compile-cache-lib": {
      "version": "3.0.1",
      "resolved": "https://registry.npmjs.org/v8-compile-cache-lib/-/v8-compile-cache-lib-3.0.1.tgz",
      "integrity": "sha512-wa7YjyUGfNZngI/vtK0UHAN+lgDCxBPCylVXGp0zu59Fz5aiGtNXaq3DhIov063MorB+VfufLh3JlF2KdTK3xg==",
      "dev": true
    },
    "yn": {
      "version": "3.1.1",
      "resolved": "https://registry.npmjs.org/yn/-/yn-3.1.1.tgz",
      "integrity": "sha512-Ux4ygGWsu2c7isFWe8Yu1YluJmqVhxqK2cLXNQA5AcC3QfbGNpM7fu0Y8b/z16pXLnFxZYvWhd3fhBY9DLmC6Q==",
      "dev": true
    }
  }
}
